
Microsoft Visual Studio Solution File, Format Version 12.00
# Visual Studio 15
VisualStudioVersion = 15.0.27703.2042
MinimumVisualStudioVersion = 10.0.40219.1
Project("{FAE04EC0-301F-11D3-BF4B-00C04F79EFBC}") = "TwitterOauth", "TwitterOauth\TwitterOauth.csproj", "{140192C9-A0B9-4D4E-BA68-505A0A00F874}"
EndProject
Global
	GlobalSection(SolutionConfigurationPlatforms) = preSolution
		Debug|Any CPU = Debug|Any CPU
		Release|Any CPU = Release|Any CPU
	EndGlobalSection
	GlobalSection(ProjectConfigurationPlatforms) = postSolution
		{140192C9-A0B9-4D4E-BA68-505A0A00F874}.Debug|Any CPU.ActiveCfg = Debug|Any CPU
		{140192C9-A0B9-4D4E-BA68-505A0A00F874}.Debug|Any CPU.Build.0 = Debug|Any CPU
		{140192C9-A0B9-4D4E-BA68-505A0A00F874}.Release|Any CPU.ActiveCfg = Release|Any CPU
		{140192C9-A0B9-4D4E-BA68-505A0A00F874}.Release|Any CPU.Build.0 = Release|Any CPU
	EndGlobalSection
	GlobalSection(SolutionProperties) = preSolution
		HideSolutionNode = FALSE
	EndGlobalSection
	GlobalSection(ExtensibilityGlobals) = postSolution
		SolutionGuid = {52CAE1B1-403B-48FC-A2FC-5C0EFF2F8A1F}
	EndGlobalSection
EndGlobal
